
Microsoft Visual Studio Solution File, Format Version 12.00
# Visual Studio 15
VisualStudioVersion = 15.0.28307.168
MinimumVisualStudioVersion = 10.0.40219.1
Project("{FAE04EC0-301F-11D3-BF4B-00C04F79EFBC}") = "BluffCityCaseDay02", "BluffCityCase\BluffCityCaseDay02.csproj", "{5D67AEB5-FA00-4CE5-A9F8-33F5099F3E03}"
EndProject
Project("{FAE04EC0-301F-11D3-BF4B-00C04F79EFBC}") = "BluffCityCaseDay04", "BluffCityCaseDay04\BluffCityCaseDay04.csproj", "{915E926A-C743-41C6-91BB-82C99B2E9C48}"
EndProject
Project("{FAE04EC0-301F-11D3-BF4B-00C04F79EFBC}") = "BluffCityCaseDay06", "BluffCityCaseDay06\BluffCityCaseDay06.csproj", "{79B06D03-CDA0-471A-973B-E9D0DE773270}"
EndProject
Global
	GlobalSection(SolutionConfigurationPlatforms) = preSolution
		Debug|Any CPU = Debug|Any CPU
		Release|Any CPU = Release|Any CPU
	EndGlobalSection
	GlobalSection(ProjectConfigurationPlatforms) = postSolution
		{5D67AEB5-FA00-4CE5-A9F8-33F5099F3E03}.Debug|Any CPU.ActiveCfg = Debug|Any CPU
		{5D67AEB5-FA00-4CE5-A9F8-33F5099F3E03}.Debug|Any CPU.Build.0 = Debug|Any CPU
		{5D67AEB5-FA00-4CE5-A9F8-33F5099F3E03}.Release|Any CPU.ActiveCfg = Release|Any CPU
		{5D67AEB5-FA00-4CE5-A9F8-33F5099F3E03}.Release|Any CPU.Build.0 = Release|Any CPU
		{915E926A-C743-41C6-91BB-82C99B2E9C48}.Debug|Any CPU.ActiveCfg = Debug|Any CPU
		{915E926A-C743-41C6-91BB-82C99B2E9C48}.Debug|Any CPU.Build.0 = Debug|Any CPU
		{915E926A-C743-41C6-91BB-82C99B2E9C48}.Release|Any CPU.ActiveCfg = Release|Any CPU
		{915E926A-C743-41C6-91BB-82C99B2E9C48}.Release|Any CPU.Build.0 = Release|Any CPU
		{79B06D03-CDA0-471A-973B-E9D0DE773270}.Debug|Any CPU.ActiveCfg = Debug|Any CPU
		{79B06D03-CDA0-471A-973B-E9D0DE773270}.Debug|Any CPU.Build.0 = Debug|Any CPU
		{79B06D03-CDA0-471A-973B-E9D0DE773270}.Release|Any CPU.ActiveCfg = Release|Any CPU
		{79B06D03-CDA0-471A-973B-E9D0DE773270}.Release|Any CPU.Build.0 = Release|Any CPU
	EndGlobalSection
	GlobalSection(SolutionProperties) = preSolution
		HideSolutionNode = FALSE
	EndGlobalSection
	GlobalSection(ExtensibilityGlobals) = postSolution
		SolutionGuid = {4E6F4144-3B7E-4330-AD9B-8ACE575D561D}
	EndGlobalSection
EndGlobal
